// !$*UTF8*$!
{
	archiveVersion = 1;
	classes = {
	};
	objectVersion = 50;
	objects = {

/* Begin PBXBuildFile section */
		503DF84225DAB13700418325 /* WordViewController.swift in Sources */ = {isa = PBXBuildFile; fileRef = 503DF84125DAB13700418325 /* WordViewController.swift */; };
		503DF84525DAB91B00418325 /* RandomWordViewController.swift in Sources */ = {isa = PBXBuildFile; fileRef = 503DF84425DAB91B00418325 /* RandomWordViewController.swift */; };
		505C110825DC0FE50036BEE4 /* Newsreader-Regular.ttf in Resources */ = {isa = PBXBuildFile; fileRef = 505C110725DC0FE50036BEE4 /* Newsreader-Regular.ttf */; };
		505C110B25DC0FE50036BEE4 /* Podfile in Resources */ = {isa = PBXBuildFile; fileRef = 505C110A25DC0FE50036BEE4 /* Podfile */; };
		505F271625DD384700D675CA /* DefinitionTableViewCell.swift in Sources */ = {isa = PBXBuildFile; fileRef = 505F271525DD384700D675CA /* DefinitionTableViewCell.swift */; };
		509319C725DD932300F2B254 /* Word.swift in Sources */ = {isa = PBXBuildFile; fileRef = 509319C625DD932300F2B254 /* Word.swift */; };
		509319CA25DD933300F2B254 /* Definition.swift in Sources */ = {isa = PBXBuildFile; fileRef = 509319C925DD933300F2B254 /* Definition.swift */; };
		50994CF225D6E4B30077264D /* AppDelegate.swift in Sources */ = {isa = PBXBuildFile; fileRef = 50994CF125D6E4B30077264D /* AppDelegate.swift */; };
		50994CF425D6E4B30077264D /* SceneDelegate.swift in Sources */ = {isa = PBXBuildFile; fileRef = 50994CF325D6E4B30077264D /* SceneDelegate.swift */; };
		50994CF625D6E4B30077264D /* ViewController.swift in Sources */ = {isa = PBXBuildFile; fileRef = 50994CF525D6E4B30077264D /* ViewController.swift */; };
		50994CF925D6E4B30077264D /* Main.storyboard in Resources */ = {isa = PBXBuildFile; fileRef = 50994CF725D6E4B30077264D /* Main.storyboard */; };
		50994CFC25D6E4B30077264D /* mercury.xcdatamodeld in Sources */ = {isa = PBXBuildFile; fileRef = 50994CFA25D6E4B30077264D /* mercury.xcdatamodeld */; };
		50994CFE25D6E4B50077264D /* Assets.xcassets in Resources */ = {isa = PBXBuildFile; fileRef = 50994CFD25D6E4B50077264D /* Assets.xcassets */; };
		50994D0125D6E4B50077264D /* LaunchScreen.storyboard in Resources */ = {isa = PBXBuildFile; fileRef = 50994CFF25D6E4B50077264D /* LaunchScreen.storyboard */; };
		514032FF8B8C8A7316DB9D12 /* libPods-mercury.a in Frameworks */ = {isa = PBXBuildFile; fileRef = 31AFDC3B2FCADA59D85E59D4 /* libPods-mercury.a */; };
/* End PBXBuildFile section */

/* Begin PBXFileReference section */
		31AFDC3B2FCADA59D85E59D4 /* libPods-mercury.a */ = {isa = PBXFileReference; explicitFileType = archive.ar; includeInIndex = 0; path = "libPods-mercury.a"; sourceTree = BUILT_PRODUCTS_DIR; };
		503DF84125DAB13700418325 /* WordViewController.swift */ = {isa = PBXFileReference; lastKnownFileType = sourcecode.swift; path = WordViewController.swift; sourceTree = "<group>"; };
		503DF84425DAB91B00418325 /* RandomWordViewController.swift */ = {isa = PBXFileReference; lastKnownFileType = sourcecode.swift; path = RandomWordViewController.swift; sourceTree = "<group>"; };
		505C110725DC0FE50036BEE4 /* Newsreader-Regular.ttf */ = {isa = PBXFileReference; lastKnownFileType = file; path = "Newsreader-Regular.ttf"; sourceTree = "<group>"; };
		505C110A25DC0FE50036BEE4 /* Podfile */ = {isa = PBXFileReference; lastKnownFileType = text; path = Podfile; sourceTree = "<group>"; xcLanguageSpecificationIdentifier = xcode.lang.ruby; };
		505F271525DD384700D675CA /* DefinitionTableViewCell.swift */ = {isa = PBXFileReference; lastKnownFileType = sourcecode.swift; path = DefinitionTableViewCell.swift; sourceTree = "<group>"; };
		509319C625DD932300F2B254 /* Word.swift */ = {isa = PBXFileReference; lastKnownFileType = sourcecode.swift; path = Word.swift; sourceTree = "<group>"; };
		509319C925DD933300F2B254 /* Definition.swift */ = {isa = PBXFileReference; lastKnownFileType = sourcecode.swift; path = Definition.swift; sourceTree = "<group>"; };
		50994CEE25D6E4B30077264D /* mercury.app */ = {isa = PBXFileReference; explicitFileType = wrapper.application; includeInIndex = 0; path = mercury.app; sourceTree = BUILT_PRODUCTS_DIR; };
		50994CF125D6E4B30077264D /* AppDelegate.swift */ = {isa = PBXFileReference; lastKnownFileType = sourcecode.swift; path = AppDelegate.swift; sourceTree = "<group>"; };
		50994CF325D6E4B30077264D /* SceneDelegate.swift */ = {isa = PBXFileReference; lastKnownFileType = sourcecode.swift; path = SceneDelegate.swift; sourceTree = "<group>"; };
		50994CF525D6E4B30077264D /* ViewController.swift */ = {isa = PBXFileReference; lastKnownFileType = sourcecode.swift; path = ViewController.swift; sourceTree = "<group>"; };
		50994CF825D6E4B30077264D /* Base */ = {isa = PBXFileReference; lastKnownFileType = file.storyboard; name = Base; path = Base.lproj/Main.storyboard; sourceTree = "<group>"; };
		50994CFB25D6E4B30077264D /* mercury.xcdatamodel */ = {isa = PBXFileReference; lastKnownFileType = wrapper.xcdatamodel; path = mercury.xcdatamodel; sourceTree = "<group>"; };
		50994CFD25D6E4B50077264D /* Assets.xcassets */ = {isa = PBXFileReference; lastKnownFileType = folder.assetcatalog; path = Assets.xcassets; sourceTree = "<group>"; };
		50994D0025D6E4B50077264D /* Base */ = {isa = PBXFileReference; lastKnownFileType = file.storyboard; name = Base; path = Base.lproj/LaunchScreen.storyboard; sourceTree = "<group>"; };
		50994D0225D6E4B50077264D /* Info.plist */ = {isa = PBXFileReference; lastKnownFileType = text.plist.xml; path = Info.plist; sourceTree = "<group>"; };
		D2ECF3C3E13E11C8AECE11D4 /* Pods-mercury.release.xcconfig */ = {isa = PBXFileReference; includeInIndex = 1; lastKnownFileType = text.xcconfig; name = "Pods-mercury.release.xcconfig"; path = "Target Support Files/Pods-mercury/Pods-mercury.release.xcconfig"; sourceTree = "<group>"; };
		D6099FC7564851B939FDC12F /* Pods-mercury.debug.xcconfig */ = {isa = PBXFileReference; includeInIndex = 1; lastKnownFileType = text.xcconfig; name = "Pods-mercury.debug.xcconfig"; path = "Target Support Files/Pods-mercury/Pods-mercury.debug.xcconfig"; sourceTree = "<group>"; };
/* End PBXFileReference section */

/* Begin PBXFrameworksBuildPhase section */
		50994CEB25D6E4B30077264D /* Frameworks */ = {
			isa = PBXFrameworksBuildPhase;
			buildActionMask = 2147483647;
			files = (
				514032FF8B8C8A7316DB9D12 /* libPods-mercury.a in Frameworks */,
			);
			runOnlyForDeploymentPostprocessing = 0;
		};
/* End PBXFrameworksBuildPhase section */

/* Begin PBXGroup section */
		0D2BC0B1D0864D510911421D /* Frameworks */ = {
			isa = PBXGroup;
			children = (
				31AFDC3B2FCADA59D85E59D4 /* libPods-mercury.a */,
			);
			name = Frameworks;
			sourceTree = "<group>";
		};
		505C110525DC0FE50036BEE4 /* fonts */ = {
			isa = PBXGroup;
			children = (
				505C110725DC0FE50036BEE4 /* Newsreader-Regular.ttf */,
			);
			path = fonts;
			sourceTree = "<group>";
		};
		50994CE525D6E4B30077264D = {
			isa = PBXGroup;
			children = (
				505C110A25DC0FE50036BEE4 /* Podfile */,
				50994CF025D6E4B30077264D /* mercury */,
				50994CEF25D6E4B30077264D /* Products */,
				618FEBA3D2C2E4AD3CFF640D /* Pods */,
				0D2BC0B1D0864D510911421D /* Frameworks */,
			);
			sourceTree = "<group>";
		};
		50994CEF25D6E4B30077264D /* Products */ = {
			isa = PBXGroup;
			children = (
				50994CEE25D6E4B30077264D /* mercury.app */,
			);
			name = Products;
			sourceTree = "<group>";
		};
		50994CF025D6E4B30077264D /* mercury */ = {
			isa = PBXGroup;
			children = (
				505C110525DC0FE50036BEE4 /* fonts */,
				50994CF125D6E4B30077264D /* AppDelegate.swift */,
				50994CF325D6E4B30077264D /* SceneDelegate.swift */,
				50994CF525D6E4B30077264D /* ViewController.swift */,
				50994CF725D6E4B30077264D /* Main.storyboard */,
				50994CFD25D6E4B50077264D /* Assets.xcassets */,
				50994CFF25D6E4B50077264D /* LaunchScreen.storyboard */,
				50994D0225D6E4B50077264D /* Info.plist */,
				50994CFA25D6E4B30077264D /* mercury.xcdatamodeld */,
				505F271525DD384700D675CA /* DefinitionTableViewCell.swift */,
				503DF84125DAB13700418325 /* WordViewController.swift */,
				503DF84425DAB91B00418325 /* RandomWordViewController.swift */,
				509319C625DD932300F2B254 /* Word.swift */,
				509319C925DD933300F2B254 /* Definition.swift */,
			);
			path = mercury;
			sourceTree = "<group>";
		};
		618FEBA3D2C2E4AD3CFF640D /* Pods */ = {
			isa = PBXGroup;
			children = (
				D6099FC7564851B939FDC12F /* Pods-mercury.debug.xcconfig */,
				D2ECF3C3E13E11C8AECE11D4 /* Pods-mercury.release.xcconfig */,
			);
			path = Pods;
			sourceTree = "<group>";
		};
/* End PBXGroup section */

/* Begin PBXNativeTarget section */
		50994CED25D6E4B30077264D /* mercury */ = {
			isa = PBXNativeTarget;
			buildConfigurationList = 50994D0525D6E4B50077264D /* Build configuration list for PBXNativeTarget "mercury" */;
			buildPhases = (
				E0E33E38D439EAF9D29793F6 /* [CP] Check Pods Manifest.lock */,
				50994CEA25D6E4B30077264D /* Sources */,
				50994CEB25D6E4B30077264D /* Frameworks */,
				50994CEC25D6E4B30077264D /* Resources */,
			);
			buildRules = (
			);
			dependencies = (
			);
			name = mercury;
			productName = mercury;
			productReference = 50994CEE25D6E4B30077264D /* mercury.app */;
			productType = "com.apple.product-type.application";
		};
/* End PBXNativeTarget section */

/* Begin PBXProject section */
		50994CE625D6E4B30077264D /* Project object */ = {
			isa = PBXProject;
			attributes = {
				LastSwiftUpdateCheck = 1240;
				LastUpgradeCheck = 1240;
				TargetAttributes = {
					50994CED25D6E4B30077264D = {
						CreatedOnToolsVersion = 12.4;
					};
				};
			};
			buildConfigurationList = 50994CE925D6E4B30077264D /* Build configuration list for PBXProject "mercury" */;
			compatibilityVersion = "Xcode 9.3";
			developmentRegion = en;
			hasScannedForEncodings = 0;
			knownRegions = (
				en,
				Base,
			);
			mainGroup = 50994CE525D6E4B30077264D;
			productRefGroup = 50994CEF25D6E4B30077264D /* Products */;
			projectDirPath = "";
			projectRoot = "";
			targets = (
				50994CED25D6E4B30077264D /* mercury */,
			);
		};
/* End PBXProject section */

/* Begin PBXResourcesBuildPhase section */
		50994CEC25D6E4B30077264D /* Resources */ = {
			isa = PBXResourcesBuildPhase;
			buildActionMask = 2147483647;
			files = (
				505C110B25DC0FE50036BEE4 /* Podfile in Resources */,
				50994D0125D6E4B50077264D /* LaunchScreen.storyboard in Resources */,
				505C110825DC0FE50036BEE4 /* Newsreader-Regular.ttf in Resources */,
				50994CFE25D6E4B50077264D /* Assets.xcassets in Resources */,
				50994CF925D6E4B30077264D /* Main.storyboard in Resources */,
			);
			runOnlyForDeploymentPostprocessing = 0;
		};
/* End PBXResourcesBuildPhase section */

/* Begin PBXShellScriptBuildPhase section */
		E0E33E38D439EAF9D29793F6 /* [CP] Check Pods Manifest.lock */ = {
			isa = PBXShellScriptBuildPhase;
			buildActionMask = 2147483647;
			files = (
			);
			inputFileListPaths = (
			);
			inputPaths = (
				"${PODS_PODFILE_DIR_PATH}/Podfile.lock",
				"${PODS_ROOT}/Manifest.lock",
			);
			name = "[CP] Check Pods Manifest.lock";
			outputFileListPaths = (
			);
			outputPaths = (
				"$(DERIVED_FILE_DIR)/Pods-mercury-checkManifestLockResult.txt",
			);
			runOnlyForDeploymentPostprocessing = 0;
			shellPath = /bin/sh;
			shellScript = "diff \"${PODS_PODFILE_DIR_PATH}/Podfile.lock\" \"${PODS_ROOT}/Manifest.lock\" > /dev/null\nif [ $? != 0 ] ; then\n    # print error to STDERR\n    echo \"error: The sandbox is not in sync with the Podfile.lock. Run 'pod install' or update your CocoaPods installation.\" >&2\n    exit 1\nfi\n# This output is used by Xcode 'outputs' to avoid re-running this script phase.\necho \"SUCCESS\" > \"${SCRIPT_OUTPUT_FILE_0}\"\n";
			showEnvVarsInLog = 0;
		};
/* End PBXShellScriptBuildPhase section */

/* Begin PBXSourcesBuildPhase section */
		50994CEA25D6E4B30077264D /* Sources */ = {
			isa = PBXSourcesBuildPhase;
			buildActionMask = 2147483647;
			files = (
				503DF84225DAB13700418325 /* WordViewController.swift in Sources */,
				509319CA25DD933300F2B254 /* Definition.swift in Sources */,
				509319C725DD932300F2B254 /* Word.swift in Sources */,
				50994CF625D6E4B30077264D /* ViewController.swift in Sources */,
				503DF84525DAB91B00418325 /* RandomWordViewController.swift in Sources */,
				50994CF225D6E4B30077264D /* AppDelegate.swift in Sources */,
				505F271625DD384700D675CA /* DefinitionTableViewCell.swift in Sources */,
				50994CF425D6E4B30077264D /* SceneDelegate.swift in Sources */,
				50994CFC25D6E4B30077264D /* mercury.xcdatamodeld in Sources */,
			);
			runOnlyForDeploymentPostprocessing = 0;
		};
/* End PBXSourcesBuildPhase section */

/* Begin PBXVariantGroup section */
		50994CF725D6E4B30077264D /* Main.storyboard */ = {
			isa = PBXVariantGroup;
			children = (
				50994CF825D6E4B30077264D /* Base */,
			);
			name = Main.storyboard;
			sourceTree = "<group>";
		};
		50994CFF25D6E4B50077264D /* LaunchScreen.storyboard */ = {
			isa = PBXVariantGroup;
			children = (
				50994D0025D6E4B50077264D /* Base */,
			);
			name = LaunchScreen.storyboard;
			sourceTree = "<group>";
		};
/* End PBXVariantGroup section */

/* Begin XCBuildConfiguration section */
		50994D0325D6E4B50077264D /* Debug */ = {
			isa = XCBuildConfiguration;
			buildSettings = {
				ALWAYS_SEARCH_USER_PATHS = NO;
				CLANG_ANALYZER_NONNULL = YES;
				CLANG_ANALYZER_NUMBER_OBJECT_CONVERSION = YES_AGGRESSIVE;
				CLANG_CXX_LANGUAGE_STANDARD = "gnu++14";
				CLANG_CXX_LIBRARY = "libc++";
				CLANG_ENABLE_MODULES = YES;
				CLANG_ENABLE_OBJC_ARC = YES;
				CLANG_ENABLE_OBJC_WEAK = YES;
				CLANG_WARN_BLOCK_CAPTURE_AUTORELEASING = YES;
				CLANG_WARN_BOOL_CONVERSION = YES;
				CLANG_WARN_COMMA = YES;
				CLANG_WARN_CONSTANT_CONVERSION = YES;
				CLANG_WARN_DEPRECATED_OBJC_IMPLEMENTATIONS = YES;
				CLANG_WARN_DIRECT_OBJC_ISA_USAGE = YES_ERROR;
				CLANG_WARN_DOCUMENTATION_COMMENTS = YES;
				CLANG_WARN_EMPTY_BODY = YES;
				CLANG_WARN_ENUM_CONVERSION = YES;
				CLANG_WARN_INFINITE_RECURSION = YES;
				CLANG_WARN_INT_CONVERSION = YES;
				CLANG_WARN_NON_LITERAL_NULL_CONVERSION = YES;
				CLANG_WARN_OBJC_IMPLICIT_RETAIN_SELF = YES;
				CLANG_WARN_OBJC_LITERAL_CONVERSION = YES;
				CLANG_WARN_OBJC_ROOT_CLASS = YES_ERROR;
				CLANG_WARN_QUOTED_INCLUDE_IN_FRAMEWORK_HEADER = YES;
				CLANG_WARN_RANGE_LOOP_ANALYSIS = YES;
				CLANG_WARN_STRICT_PROTOTYPES = YES;
				CLANG_WARN_SUSPICIOUS_MOVE = YES;
				CLANG_WARN_UNGUARDED_AVAILABILITY = YES_AGGRESSIVE;
				CLANG_WARN_UNREACHABLE_CODE = YES;
				CLANG_WARN__DUPLICATE_METHOD_MATCH = YES;
				COPY_PHASE_STRIP = NO;
				DEBUG_INFORMATION_FORMAT = dwarf;
				ENABLE_STRICT_OBJC_MSGSEND = YES;
				ENABLE_TESTABILITY = YES;
				GCC_C_LANGUAGE_STANDARD = gnu11;
				GCC_DYNAMIC_NO_PIC = NO;
				GCC_NO_COMMON_BLOCKS = YES;
				GCC_OPTIMIZATION_LEVEL = 0;
				GCC_PREPROCESSOR_DEFINITIONS = (
					"DEBUG=1",
					"$(inherited)",
				);
				GCC_WARN_64_TO_32_BIT_CONVERSION = YES;
				GCC_WARN_ABOUT_RETURN_TYPE = YES_ERROR;
				GCC_WARN_UNDECLARED_SELECTOR = YES;
				GCC_WARN_UNINITIALIZED_AUTOS = YES_AGGRESSIVE;
				GCC_WARN_UNUSED_FUNCTION = YES;
				GCC_WARN_UNUSED_VARIABLE = YES;
				IPHONEOS_DEPLOYMENT_TARGET = 14.4;
				MTL_ENABLE_DEBUG_INFO = INCLUDE_SOURCE;
				MTL_FAST_MATH = YES;
				ONLY_ACTIVE_ARCH = YES;
				SDKROOT = iphoneos;
				SWIFT_ACTIVE_COMPILATION_CONDITIONS = DEBUG;
				SWIFT_OPTIMIZATION_LEVEL = "-Onone";
			};
			name = Debug;
		};
		50994D0425D6E4B50077264D /* Release */ = {
			isa = XCBuildConfiguration;
			buildSettings = {
				ALWAYS_SEARCH_USER_PATHS = NO;
				CLANG_ANALYZER_NONNULL = YES;
				CLANG_ANALYZER_NUMBER_OBJECT_CONVERSION = YES_AGGRESSIVE;
				CLANG_CXX_LANGUAGE_STANDARD = "gnu++14";
				CLANG_CXX_LIBRARY = "libc++";
				CLANG_ENABLE_MODULES = YES;
				CLANG_ENABLE_OBJC_ARC = YES;
				CLANG_ENABLE_OBJC_WEAK = YES;
				CLANG_WARN_BLOCK_CAPTURE_AUTORELEASING = YES;
				CLANG_WARN_BOOL_CONVERSION = YES;
				CLANG_WARN_COMMA = YES;
				CLANG_WARN_CONSTANT_CONVERSION = YES;
				CLANG_WARN_DEPRECATED_OBJC_IMPLEMENTATIONS = YES;
				CLANG_WARN_DIRECT_OBJC_ISA_USAGE = YES_ERROR;
				CLANG_WARN_DOCUMENTATION_COMMENTS = YES;
				CLANG_WARN_EMPTY_BODY = YES;
				CLANG_WARN_ENUM_CONVERSION = YES;
				CLANG_WARN_INFINITE_RECURSION = YES;
				CLANG_WARN_INT_CONVERSION = YES;
				CLANG_WARN_NON_LITERAL_NULL_CONVERSION = YES;
				CLANG_WARN_OBJC_IMPLICIT_RETAIN_SELF = YES;
				CLANG_WARN_OBJC_LITERAL_CONVERSION = YES;
				CLANG_WARN_OBJC_ROOT_CLASS = YES_ERROR;
				CLANG_WARN_QUOTED_INCLUDE_IN_FRAMEWORK_HEADER = YES;
				CLANG_WARN_RANGE_LOOP_ANALYSIS = YES;
				CLANG_WARN_STRICT_PROTOTYPES = YES;
				CLANG_WARN_SUSPICIOUS_MOVE = YES;
				CLANG_WARN_UNGUARDED_AVAILABILITY = YES_AGGRESSIVE;
				CLANG_WARN_UNREACHABLE_CODE = YES;
				CLANG_WARN__DUPLICATE_METHOD_MATCH = YES;
				COPY_PHASE_STRIP = NO;
				DEBUG_INFORMATION_FORMAT = "dwarf-with-dsym";
				ENABLE_NS_ASSERTIONS = NO;
				ENABLE_STRICT_OBJC_MSGSEND = YES;
				GCC_C_LANGUAGE_STANDARD = gnu11;
				GCC_NO_COMMON_BLOCKS = YES;
				GCC_WARN_64_TO_32_BIT_CONVERSION = YES;
				GCC_WARN_ABOUT_RETURN_TYPE = YES_ERROR;
				GCC_WARN_UNDECLARED_SELECTOR = YES;
				GCC_WARN_UNINITIALIZED_AUTOS = YES_AGGRESSIVE;
				GCC_WARN_UNUSED_FUNCTION = YES;
				GCC_WARN_UNUSED_VARIABLE = YES;
				IPHONEOS_DEPLOYMENT_TARGET = 14.4;
				MTL_ENABLE_DEBUG_INFO = NO;
				MTL_FAST_MATH = YES;
				SDKROOT = iphoneos;
				SWIFT_COMPILATION_MODE = wholemodule;
				SWIFT_OPTIMIZATION_LEVEL = "-O";
				VALIDATE_PRODUCT = YES;
			};
			name = Release;
		};
		50994D0625D6E4B50077264D /* Debug */ = {
			isa = XCBuildConfiguration;
			baseConfigurationReference = D6099FC7564851B939FDC12F /* Pods-mercury.debug.xcconfig */;
			buildSettings = {
				ASSETCATALOG_COMPILER_APPICON_NAME = AppIcon;
				ASSETCATALOG_COMPILER_GLOBAL_ACCENT_COLOR_NAME = AccentColor;
				CODE_SIGN_STYLE = Automatic;
				DEVELOPMENT_TEAM = 3P9H7MB9HY;
				INFOPLIST_FILE = mercury/Info.plist;
				LD_RUNPATH_SEARCH_PATHS = (
					"$(inherited)",
					"@executable_path/Frameworks",
				);
				PRODUCT_BUNDLE_IDENTIFIER = id.stanley.mercury;
				PRODUCT_NAME = "$(TARGET_NAME)";
				SWIFT_VERSION = 4.2;
				TARGETED_DEVICE_FAMILY = "1,2";
			};
			name = Debug;
		};
		50994D0725D6E4B50077264D /* Release */ = {
			isa = XCBuildConfiguration;
			baseConfigurationReference = D2ECF3C3E13E11C8AECE11D4 /* Pods-mercury.release.xcconfig */;
			buildSettings = {
				ASSETCATALOG_COMPILER_APPICON_NAME = AppIcon;
				ASSETCATALOG_COMPILER_GLOBAL_ACCENT_COLOR_NAME = AccentColor;
				CODE_SIGN_STYLE = Automatic;
				DEVELOPMENT_TEAM = 3P9H7MB9HY;
				INFOPLIST_FILE = mercury/Info.plist;
				LD_RUNPATH_SEARCH_PATHS = (
					"$(inherited)",
					"@executable_path/Frameworks",
				);
				PRODUCT_BUNDLE_IDENTIFIER = id.stanley.mercury;
				PRODUCT_NAME = "$(TARGET_NAME)";
				SWIFT_VERSION = 4.2;
				TARGETED_DEVICE_FAMILY = "1,2";
			};
			name = Release;
		};
/* End XCBuildConfiguration section */

/* Begin XCConfigurationList section */
		50994CE925D6E4B30077264D /* Build configuration list for PBXProject "mercury" */ = {
			isa = XCConfigurationList;
			buildConfigurations = (
				50994D0325D6E4B50077264D /* Debug */,
				50994D0425D6E4B50077264D /* Release */,
			);
			defaultConfigurationIsVisible = 0;
			defaultConfigurationName = Release;
		};
		50994D0525D6E4B50077264D /* Build configuration list for PBXNativeTarget "mercury" */ = {
			isa = XCConfigurationList;
			buildConfigurations = (
				50994D0625D6E4B50077264D /* Debug */,
				50994D0725D6E4B50077264D /* Release */,
			);
			defaultConfigurationIsVisible = 0;
			defaultConfigurationName = Release;
		};
/* End XCConfigurationList section */

/* Begin XCVersionGroup section */
		50994CFA25D6E4B30077264D /* mercury.xcdatamodeld */ = {
			isa = XCVersionGroup;
			children = (
				50994CFB25D6E4B30077264D /* mercury.xcdatamodel */,
			);
			currentVersion = 50994CFB25D6E4B30077264D /* mercury.xcdatamodel */;
			path = mercury.xcdatamodeld;
			sourceTree = "<group>";
			versionGroupType = wrapper.xcdatamodel;
		};
/* End XCVersionGroup section */
	};
	rootObject = 50994CE625D6E4B30077264D /* Project object */;
}
